# This file is @generated by PDM.
# It is not intended for manual editing.

[metadata]
groups = ["default"]
cross_platform = true
static_urls = false
lock_version = "4.3"
content_hash = "sha256:65c05277cc577a1361b294a33d5240317c890672c89c23fb8d2cac1e320c7aa2"

[[package]]
name = "certifi"
version = "2023.7.22"
requires_python = ">=3.6"
summary = "Python package for providing Mozilla's CA Bundle."
files = [
    {file = "certifi-2023.7.22-py3-none-any.whl", hash = "sha256:92d6037539857d8206b8f6ae472e8b77db8058fec5937a1ef3f54304089edbb9"},
    {file = "certifi-2023.7.22.tar.gz", hash = "sha256:539cc1d13202e33ca466e88b2807e29f4c13049d6d87031a3c110744495cb082"},
]

[[package]]
name = "charset-normalizer"
version = "3.3.0"
requires_python = ">=3.7.0"
summary = "The Real First Universal Charset Detector. Open, modern and actively maintained alternative to Chardet."
files = [
    {file = "charset-normalizer-3.3.0.tar.gz", hash = "sha256:63563193aec44bce707e0c5ca64ff69fa72ed7cf34ce6e11d5127555756fd2f6"},
    {file = "charset_normalizer-3.3.0-cp311-cp311-macosx_10_9_universal2.whl", hash = "sha256:d7eff0f27edc5afa9e405f7165f85a6d782d308f3b6b9d96016c010597958e63"},
    {file = "charset_normalizer-3.3.0-cp311-cp311-macosx_10_9_x86_64.whl", hash = "sha256:6a685067d05e46641d5d1623d7c7fdf15a357546cbb2f71b0ebde91b175ffc3e"},
    {file = "charset_normalizer-3.3.0-cp311-cp311-macosx_11_0_arm64.whl", hash = "sha256:0d3d5b7db9ed8a2b11a774db2bbea7ba1884430a205dbd54a32d61d7c2a190fa"},
    {file = "charset_normalizer-3.3.0-cp311-cp311-manylinux_2_17_aarch64.manylinux2014_aarch64.whl", hash = "sha256:2935ffc78db9645cb2086c2f8f4cfd23d9b73cc0dc80334bc30aac6f03f68f8c"},
    {file = "charset_normalizer-3.3.0-cp311-cp311-manylinux_2_17_ppc64le.manylinux2014_ppc64le.whl", hash = "sha256:9fe359b2e3a7729010060fbca442ca225280c16e923b37db0e955ac2a2b72a05"},
    {file = "charset_normalizer-3.3.0-cp311-cp311-manylinux_2_17_s390x.manylinux2014_s390x.whl", hash = "sha256:380c4bde80bce25c6e4f77b19386f5ec9db230df9f2f2ac1e5ad7af2caa70459"},
    {file = "charset_normalizer-3.3.0-cp311-cp311-manylinux_2_17_x86_64.manylinux2014_x86_64.whl", hash = "sha256:f0d1e3732768fecb052d90d62b220af62ead5748ac51ef61e7b32c266cac9293"},
    {file = "charset_normalizer-3.3.0-cp311-cp311-manylinux_2_5_i686.manylinux1_i686.manylinux_2_17_i686.manylinux2014_i686.whl", hash = "sha256:1b2919306936ac6efb3aed1fbf81039f7087ddadb3160882a57ee2ff74fd2382"},
    {file = "charset_normalizer-3.3.0-cp311-cp311-musllinux_1_1_aarch64.whl", hash = "sha256:f8888e31e3a85943743f8fc15e71536bda1c81d5aa36d014a3c0c44481d7db6e"},
    {file = "charset_normalizer-3.3.0-cp311-cp311-musllinux_1_1_i686.whl", hash = "sha256:82eb849f085624f6a607538ee7b83a6d8126df6d2f7d3b319cb837b289123078"},
    {file = "charset_normalizer-3.3.0-cp311-cp311-musllinux_1_1_ppc64le.whl", hash = "sha256:7b8b8bf1189b3ba9b8de5c8db4d541b406611a71a955bbbd7385bbc45fcb786c"},
    {file = "charset_normalizer-3.3.0-cp311-cp311-musllinux_1_1_s390x.whl", hash = "sha256:5adf257bd58c1b8632046bbe43ee38c04e1038e9d37de9c57a94d6bd6ce5da34"},
    {file = "charset_normalizer-3.3.0-cp311-cp311-musllinux_1_1_x86_64.whl", hash = "sha256:c350354efb159b8767a6244c166f66e67506e06c8924ed74669b2c70bc8735b1"},
    {file = "charset_normalizer-3.3.0-cp311-cp311-win32.whl", hash = "sha256:02af06682e3590ab952599fbadac535ede5d60d78848e555aa58d0c0abbde786"},
    {file = "charset_normalizer-3.3.0-cp311-cp311-win_amd64.whl", hash = "sha256:86d1f65ac145e2c9ed71d8ffb1905e9bba3a91ae29ba55b4c46ae6fc31d7c0d4"},
    {file = "charset_normalizer-3.3.0-cp312-cp312-macosx_10_9_universal2.whl", hash = "sha256:3b447982ad46348c02cb90d230b75ac34e9886273df3a93eec0539308a6296d7"},
    {file = "charset_normalizer-3.3.0-cp312-cp312-macosx_10_9_x86_64.whl", hash = "sha256:abf0d9f45ea5fb95051c8bfe43cb40cda383772f7e5023a83cc481ca2604d74e"},
    {file = "charset_normalizer-3.3.0-cp312-cp312-macosx_11_0_arm64.whl", hash = "sha256:b09719a17a2301178fac4470d54b1680b18a5048b481cb8890e1ef820cb80455"},
    {file = "charset_normalizer-3.3.0-cp312-cp312-manylinux_2_17_aarch64.manylinux2014_aarch64.whl", hash = "sha256:b3d9b48ee6e3967b7901c052b670c7dda6deb812c309439adaffdec55c6d7b78"},
    {file = "charset_normalizer-3.3.0-cp312-cp312-manylinux_2_17_ppc64le.manylinux2014_ppc64le.whl", hash = "sha256:edfe077ab09442d4ef3c52cb1f9dab89bff02f4524afc0acf2d46be17dc479f5"},
    {file = "charset_normalizer-3.3.0-cp312-cp312-manylinux_2_17_s390x.manylinux2014_s390x.whl", hash = "sha256:3debd1150027933210c2fc321527c2299118aa929c2f5a0a80ab6953e3bd1908"},
    {file = "charset_normalizer-3.3.0-cp312-cp312-manylinux_2_17_x86_64.manylinux2014_x86_64.whl", hash = "sha256:86f63face3a527284f7bb8a9d4f78988e3c06823f7bea2bd6f0e0e9298ca0403"},
    {file = "charset_normalizer-3.3.0-cp312-cp312-manylinux_2_5_i686.manylinux1_i686.manylinux_2_17_i686.manylinux2014_i686.whl", hash = "sha256:24817cb02cbef7cd499f7c9a2735286b4782bd47a5b3516a0e84c50eab44b98e"},
    {file = "charset_normalizer-3.3.0-cp312-cp312-musllinux_1_1_aarch64.whl", hash = "sha256:c71f16da1ed8949774ef79f4a0260d28b83b3a50c6576f8f4f0288d109777989"},
    {file = "charset_normalizer-3.3.0-cp312-cp312-musllinux_1_1_i686.whl", hash = "sha256:9cf3126b85822c4e53aa28c7ec9869b924d6fcfb76e77a45c44b83d91afd74f9"},
    {file = "charset_normalizer-3.3.0-cp312-cp312-musllinux_1_1_ppc64le.whl", hash = "sha256:b3b2316b25644b23b54a6f6401074cebcecd1244c0b8e80111c9a3f1c8e83d65"},
    {file = "charset_normalizer-3.3.0-cp312-cp312-musllinux_1_1_s390x.whl", hash = "sha256:03680bb39035fbcffe828eae9c3f8afc0428c91d38e7d61aa992ef7a59fb120e"},
    {file = "charset_normalizer-3.3.0-cp312-cp312-musllinux_1_1_x86_64.whl", hash = "sha256:4cc152c5dd831641e995764f9f0b6589519f6f5123258ccaca8c6d34572fefa8"},
    {file = "charset_normalizer-3.3.0-cp312-cp312-win32.whl", hash = "sha256:b8f3307af845803fb0b060ab76cf6dd3a13adc15b6b451f54281d25911eb92df"},
    {file = "charset_normalizer-3.3.0-cp312-cp312-win_amd64.whl", hash = "sha256:8eaf82f0eccd1505cf39a45a6bd0a8cf1c70dcfc30dba338207a969d91b965c0"},
    {file = "charset_normalizer-3.3.0-py3-none-any.whl", hash = "sha256:e46cd37076971c1040fc8c41273a8b3e2c624ce4f2be3f5dfcb7a430c1d3acc2"},
]

[[package]]
name = "click"
version = "8.1.7"
requires_python = ">=3.7"
summary = "Composable command line interface toolkit"
dependencies = [
    "colorama; platform_system == \"Windows\"",
]
files = [
    {file = "click-8.1.7-py3-none-any.whl", hash = "sha256:ae74fb96c20a0277a1d615f1e4d73c8414f5a98db8b799a7931d1582f3390c28"},
    {file = "click-8.1.7.tar.gz", hash = "sha256:ca9853ad459e787e2192211578cc907e7594e294c7ccc834310722b41b9ca6de"},
]

[[package]]
name = "click-default-group"
version = "1.2.4"
requires_python = ">=2.7"
summary = "click_default_group"
dependencies = [
    "click",
]
files = [
    {file = "click_default_group-1.2.4-py2.py3-none-any.whl", hash = "sha256:9b60486923720e7fc61731bdb32b617039aba820e22e1c88766b1125592eaa5f"},
    {file = "click_default_group-1.2.4.tar.gz", hash = "sha256:eb3f3c99ec0d456ca6cd2a7f08f7d4e91771bef51b01bdd9580cc6450fe1251e"},
]

[[package]]
name = "cloup"
version = "0.7.1"
requires_python = ">=3.6"
summary = "Option groups and subcommand help sections for pallets/click"
dependencies = [
    "click<9.0,>=7.0",
]
files = [
    {file = "cloup-0.7.1-py2.py3-none-any.whl", hash = "sha256:947c881ada77ea2f7b2876f7b5bb2fc7e5406daac5a045342acf8de35bcce5d7"},
    {file = "cloup-0.7.1.tar.gz", hash = "sha256:f26cc500dda4e4c9444ac1008b82376df8d72ecfa43a6310a9b3d54ef98add7b"},
]

[[package]]
name = "colorama"
version = "0.4.6"
requires_python = "!=3.0.*,!=3.1.*,!=3.2.*,!=3.3.*,!=3.4.*,!=3.5.*,!=3.6.*,>=2.7"
summary = "Cross-platform colored terminal text."
files = [
    {file = "colorama-0.4.6-py2.py3-none-any.whl", hash = "sha256:4f1d9991f5acc0ca119f9d443620b77f9d6b33703e51011c16baf57afb285fc6"},
    {file = "colorama-0.4.6.tar.gz", hash = "sha256:08695f5cb7ed6e0531a20572697297273c47b8cae5a63ffc6d6ed5c201be6e44"},
]

[[package]]
name = "colour"
version = "0.1.5"
summary = "converts and manipulates various color representation (HSL, RVB, web, X11, ...)"
files = [
    {file = "colour-0.1.5-py2.py3-none-any.whl", hash = "sha256:33f6db9d564fadc16e59921a56999b79571160ce09916303d35346dddc17978c"},
    {file = "colour-0.1.5.tar.gz", hash = "sha256:af20120fefd2afede8b001fbef2ea9da70ad7d49fafdb6489025dae8745c3aee"},
]

[[package]]
name = "cython"
version = "3.0.3"
requires_python = ">=2.7, !=3.0.*, !=3.1.*, !=3.2.*, !=3.3.*"
summary = "The Cython compiler for writing C extensions in the Python language."
files = [
    {file = "Cython-3.0.3-cp311-cp311-macosx_10_9_x86_64.whl", hash = "sha256:587d664ff6bd5b03611ddc6ef320b7f8677d824c45d15553f16a69191a643843"},
    {file = "Cython-3.0.3-cp311-cp311-manylinux_2_17_aarch64.manylinux2014_aarch64.whl", hash = "sha256:3192cd780435fca5ae5d79006b48cbf0ea674853b5a7b0055a122045bff9d84e"},
    {file = "Cython-3.0.3-cp311-cp311-manylinux_2_17_x86_64.manylinux2014_x86_64.whl", hash = "sha256:f7578b59ffd0d9c95ae6f7ae852309918915998b7fe0ed2f8725a683de8da276"},
    {file = "Cython-3.0.3-cp311-cp311-manylinux_2_5_i686.manylinux1_i686.manylinux_2_17_i686.manylinux2014_i686.whl", hash = "sha256:6f05889eb1b5a95a7adf97303279c2d13819ff62292e10337e6c940dbf570b5d"},
    {file = "Cython-3.0.3-cp311-cp311-musllinux_1_1_aarch64.whl", hash = "sha256:1d3416c24a1b7bf3a2d9615a7f9f12b00fac0b94fb2e61449e0c1ecf20d6ed52"},
    {file = "Cython-3.0.3-cp311-cp311-musllinux_1_1_x86_64.whl", hash = "sha256:4cc0f7244da06fdc6a4a7240df788805436b6fb7f20edee777eb77777d9d2eb1"},
    {file = "Cython-3.0.3-cp311-cp311-win32.whl", hash = "sha256:845e24ee70c204062e03f813114751387abf454b29410336797582e04abbc07b"},
    {file = "Cython-3.0.3-cp311-cp311-win_amd64.whl", hash = "sha256:e3ad109bdf40f55318e001cad12bcc00e8119569b49f72e442c082355617b036"},
    {file = "Cython-3.0.3-cp312-cp312-macosx_10_9_x86_64.whl", hash = "sha256:14b898ec2fdeea68f81bd3838b035800b173b59ed532674f65a82724bab35d3b"},
    {file = "Cython-3.0.3-cp312-cp312-manylinux_2_17_aarch64.manylinux2014_aarch64.whl", hash = "sha256:188705eeae094bb716bc3e3d0da4e13469f0a0de803b65dfd63fe7eb78ec6173"},
    {file = "Cython-3.0.3-cp312-cp312-manylinux_2_17_x86_64.manylinux2014_x86_64.whl", hash = "sha256:9eb128fa40305f18eaa4d8dd0980033b92db86aada927181d3c3d561aa0634db"},
    {file = "Cython-3.0.3-cp312-cp312-manylinux_2_5_i686.manylinux1_i686.manylinux_2_17_i686.manylinux2014_i686.whl", hash = "sha256:80bd3167e689419cdaf7ede0d20a9f126b9698a43b1f8d3e8f54b970c7a6cd07"},
    {file = "Cython-3.0.3-cp312-cp312-musllinux_1_1_aarch64.whl", hash = "sha256:d0c7b315f6feb75e2c949dc7816da5626cdca097fea1c0d9f4fdb20d2f4ffc2a"},
    {file = "Cython-3.0.3-cp312-cp312-musllinux_1_1_x86_64.whl", hash = "sha256:db9d4de4cd6cd3ad1c3f455aae877ad81a92b92b7cbb01dfb32b6306b873932b"},
    {file = "Cython-3.0.3-cp312-cp312-win32.whl", hash = "sha256:be1a679c7ad90813f9206c9d62993f3bd0cba9330668e97bb3f70c87ae94d5f5"},
    {file = "Cython-3.0.3-cp312-cp312-win_amd64.whl", hash = "sha256:fa08259f4d176b86561eeff6954f9924099c0b0c128fc2cbfc18343c068ad8ca"},
    {file = "Cython-3.0.3-py2.py3-none-any.whl", hash = "sha256:176953a8a2532e34a589625a40c934ff339088f2bf4ddaa2e5cb77b05ca0c25c"},
    {file = "Cython-3.0.3.tar.gz", hash = "sha256:327309301b01f729f173a94511cb2280c87ba03c89ed428e88f913f778245030"},
]

[[package]]
name = "decorator"
version = "5.1.1"
requires_python = ">=3.5"
summary = "Decorators for Humans"
files = [
    {file = "decorator-5.1.1-py3-none-any.whl", hash = "sha256:b8c3f85900b9dc423225913c5aace94729fe1fa9763b38939a95226f02d37186"},
    {file = "decorator-5.1.1.tar.gz", hash = "sha256:637996211036b6385ef91435e4fae22989472f9d571faba8927ba8253acbc330"},
]

[[package]]
name = "glcontext"
version = "2.4.0"
summary = "Portable OpenGL Context"
files = [
    {file = "glcontext-2.4.0-cp311-cp311-macosx_10_9_x86_64.whl", hash = "sha256:4313d59451db04ebbb26232beefb5a850fbb79bb9e72b3c4e7783da3c146517b"},
    {file = "glcontext-2.4.0-cp311-cp311-manylinux_2_5_i686.manylinux1_i686.manylinux_2_17_i686.manylinux2014_i686.whl", hash = "sha256:2088f15d4c5d42f1eef77b45d9ff985d8e14d3989d5d9298e2433075f5f1f15a"},
    {file = "glcontext-2.4.0-cp311-cp311-manylinux_2_5_x86_64.manylinux1_x86_64.manylinux_2_17_x86_64.manylinux2014_x86_64.whl", hash = "sha256:9450f7c7b5923c17a627e1d4e965f208e28ce7b547f5fd1f756f7701c23e3c88"},
    {file = "glcontext-2.4.0-cp311-cp311-musllinux_1_1_i686.whl", hash = "sha256:d52ea6dc8e064f7f4cc7423943885ddecec321a5dfcce66d71a0892834334430"},
    {file = "glcontext-2.4.0-cp311-cp311-musllinux_1_1_x86_64.whl", hash = "sha256:5060eea43ec7bc2d3cf03582d56abf10938a188947f86aa5b558d197baec2753"},
    {file = "glcontext-2.4.0-cp311-cp311-win32.whl", hash = "sha256:c8b9de7f50650443a5192d42c170fa561c0b241bb1b49664ae67a22fdcf6baa4"},
    {file = "glcontext-2.4.0-cp311-cp311-win_amd64.whl", hash = "sha256:d60c684983a091408e06ee5826813926cd7e84069f1bd7760397edfe0e33aad5"},
    {file = "glcontext-2.4.0-pp310-pypy310_pp73-macosx_10_9_x86_64.whl", hash = "sha256:4f1de7a32278333f8edaed8f51180b929aaf975a453a8bcde4d553f9d2d5db81"},
    {file = "glcontext-2.4.0-pp310-pypy310_pp73-manylinux_2_5_i686.manylinux1_i686.manylinux_2_17_i686.manylinux2014_i686.whl", hash = "sha256:a98f62495d5a89d79ce182f9698ef84154f257917007d2ef35807c4dfb24834e"},
    {file = "glcontext-2.4.0-pp310-pypy310_pp73-manylinux_2_5_x86_64.manylinux1_x86_64.manylinux_2_17_x86_64.manylinux2014_x86_64.whl", hash = "sha256:6d36b623331b4e9c09f78bd57ac372b77ce8078e751c31825ce5f687f19514e2"},
    {file = "glcontext-2.4.0-pp310-pypy310_pp73-win_amd64.whl", hash = "sha256:74ec128d03f6e715fc1554047958c4581b78653eeaf08aeac4f110fba1b00c64"},
    {file = "glcontext-2.4.0-pp37-pypy37_pp73-macosx_10_9_x86_64.whl", hash = "sha256:6dde4e7afbfa336d323f1b5a3d9164e0484a08ec969c2b69048de840c45a5051"},
    {file = "glcontext-2.4.0-pp37-pypy37_pp73-manylinux_2_5_i686.manylinux1_i686.manylinux_2_17_i686.manylinux2014_i686.whl", hash = "sha256:18bec7f9f0a9ad90bd3e25ab0e6b9db909dfaa10a0f3b5e5ef588d3c7f565fea"},
    {file = "glcontext-2.4.0-pp37-pypy37_pp73-manylinux_2_5_x86_64.manylinux1_x86_64.manylinux_2_17_x86_64.manylinux2014_x86_64.whl", hash = "sha256:71c54b085869b3d22f15138bd5cf4dfbbf4e7c431bb7e778788e6481bb6cc452"},
    {file = "glcontext-2.4.0-pp37-pypy37_pp73-win_amd64.whl", hash = "sha256:faa80ddadb513b6475a68dad288ec690b0a7dd7e37582ac49b724e234695d12e"},
    {file = "glcontext-2.4.0-pp38-pypy38_pp73-macosx_10_9_x86_64.whl", hash = "sha256:a76833aea7e50682d7266ca24886e9eb1dc76744ec64ec6187f5dfd200397d3e"},
    {file = "glcontext-2.4.0-pp38-pypy38_pp73-manylinux_2_5_i686.manylinux1_i686.manylinux_2_17_i686.manylinux2014_i686.whl", hash = "sha256:d91a3f80d013f9b4073881e8578e49a1de6dda881d093f7d07aed81374cd340b"},
    {file = "glcontext-2.4.0-pp38-pypy38_pp73-manylinux_2_5_x86_64.manylinux1_x86_64.manylinux_2_17_x86_64.manylinux2014_x86_64.whl", hash = "sha256:0916c3cc03228c2512be6e283032026c2730a78c5a90ce49a427e5ca18d9b961"},
    {file = "glcontext-2.4.0-pp38-pypy38_pp73-win_amd64.whl", hash = "sha256:193c5798da864db316195b80c26da194b69e1c746a72d2d5923036e746c1a470"},
    {file = "glcontext-2.4.0-pp39-pypy39_pp73-macosx_10_9_x86_64.whl", hash = "sha256:9c4ac06ebdb57ef1376af4f5a788cfddf828867c4c925a4a7ac26a011ce691be"},
    {file = "glcontext-2.4.0-pp39-pypy39_pp73-manylinux_2_5_i686.manylinux1_i686.manylinux_2_17_i686.manylinux2014_i686.whl", hash = "sha256:35842c53aa4975f51c1f1fa8e619867d4734dbf0f79c5cbeb78e42633a2ef09e"},
    {file = "glcontext-2.4.0-pp39-pypy39_pp73-manylinux_2_5_x86_64.manylinux1_x86_64.manylinux_2_17_x86_64.manylinux2014_x86_64.whl", hash = "sha256:ec85163231e1aa410a1e05d7f5a8e0e7dcf9e3c0ad8e679888bfdb8384dbcca3"},
    {file = "glcontext-2.4.0-pp39-pypy39_pp73-win_amd64.whl", hash = "sha256:1bb56f2d8ffacb5693c2762c59bb288896b179f2ab5dc905637f6d6f5aeb7b47"},
    {file = "glcontext-2.4.0.tar.gz", hash = "sha256:50d7aad961d4f0374a38592194c59f740192e4d00549df48ac81a40942a6beb9"},
]

[[package]]
name = "idna"
version = "3.4"
requires_python = ">=3.5"
summary = "Internationalized Domain Names in Applications (IDNA)"
files = [
    {file = "idna-3.4-py3-none-any.whl", hash = "sha256:90b77e79eaa3eba6de819a0c442c0b4ceefc341a7a2ab77d7562bf49f425c5c2"},
    {file = "idna-3.4.tar.gz", hash = "sha256:814f528e8dead7d329833b91c5faa87d60bf71824cd12a7530b5526063d02cb4"},
]

[[package]]
name = "isosurfaces"
version = "0.1.0"
summary = "Construct isolines/isosurfaces over a 2D/3D scalar field defined by a function (not a uniform grid)"
dependencies = [
    "numpy",
]
files = [
    {file = "isosurfaces-0.1.0-py3-none-any.whl", hash = "sha256:a3421f7e7115f72f8f1af538ac4723e5570b1aaa0ddfc6a86520d2d781f3e91f"},
    {file = "isosurfaces-0.1.0.tar.gz", hash = "sha256:fa1b44e5e59d2f429add49289ab89e36f8dcda49b7badd99e0beea273be331f4"},
]

[[package]]
name = "manim"
version = "0.14.0"
requires_python = ">=3.7,<4.0"
summary = "Animation engine for explanatory math videos."
dependencies = [
    "Pillow",
    "click-default-group",
    "click>=7.1",
    "cloup<0.8.0,>=0.7.0",
    "colour",
    "decorator<6.0.0,>=5.0.7",
    "isosurfaces==0.1.0",
    "manimpango<0.5.0,>=0.4.0.post0",
    "mapbox-earcut<0.13.0,>=0.12.10",
    "moderngl-window<3.0.0,>=2.3.0",
    "moderngl<6.0.0,>=5.6.3",
    "networkx<3.0,>=2.5",
    "numpy<2.0,>=1.9",
    "pycairo<2.0,>=1.19",
    "pydub",
    "pygments",
    "requests",
    "rich>=6.0",
    "scipy",
    "screeninfo<0.7.0,>=0.6.7",
    "setuptools",
    "skia-pathops<0.8.0,>=0.7.0",
    "srt<4.0.0,>=3.5.0",
    "tqdm",
    "watchdog",
]
files = [
    {file = "manim-0.14.0-py3-none-any.whl", hash = "sha256:dac5e869a8aee355773bd827282c4d51a2018d716539277ad3d6423f88010657"},
    {file = "manim-0.14.0.tar.gz", hash = "sha256:4a6bdd65d289b9a0dc95f9a2c3cc7b93da934869938de061b39d011f98286c90"},
]

[[package]]
name = "manimpango"
version = "0.4.4"
requires_python = ">=3.8"
summary = "Bindings for Pango for using with Manim."
files = [
    {file = "ManimPango-0.4.4-cp311-cp311-macosx_10_9_x86_64.whl", hash = "sha256:19ab9c2be4b44f99fc3bb87ce7e8685940a9c8812f2250e0f84acccee13cd1f8"},
    {file = "ManimPango-0.4.4-cp311-cp311-win32.whl", hash = "sha256:077c22deccc8b07cf490e66dbe5511a8748156d002f9135df9e4a2ebae38140d"},
    {file = "ManimPango-0.4.4-cp311-cp311-win_amd64.whl", hash = "sha256:0ac7e5da4b21267d7e07273ca79bb15260e9494e80d0b50414dfbe78b3e274b7"},
    {file = "ManimPango-0.4.4-cp312-cp312-macosx_10_9_x86_64.whl", hash = "sha256:b76a337b1d7226a1b0b418c556e4cfcdb8ba38e0ddc13e8f4c5b8c7d27422b3a"},
    {file = "ManimPango-0.4.4-cp312-cp312-win32.whl", hash = "sha256:f17e566e97b3eba8158caaefcc8fb3188376acd8a8e1bc7b7201f26019e0860b"},
    {file = "ManimPango-0.4.4-cp312-cp312-win_amd64.whl", hash = "sha256:9e8c907876f3a5bb99d28d49aeb93b29a80e72f66300f7f0f0cf82ccba53473b"},
    {file = "ManimPango-0.4.4.tar.gz", hash = "sha256:d4dfb55e8c8a62d6b56b6bacea314369f25dda59e2ed4f4c0e6867512d93828c"},
]

[[package]]
name = "mapbox-earcut"
version = "0.12.11"
summary = "Python bindings for the mapbox earcut C++ polygon triangulation library."
dependencies = [
    "numpy",
]
files = [
    {file = "mapbox_earcut-0.12.11-pp37-pypy37_pp73-macosx_10_9_x86_64.whl", hash = "sha256:96783c3f818f0844d9153a45312142b4e1bda9c284eb4828bba1a9e1fbeb268e"},
    {file = "mapbox_earcut-0.12.11-pp37-pypy37_pp73-manylinux_2_12_i686.manylinux2010_i686.whl", hash = "sha256:a39a27a205189476e6404a855652c834a1cef087207131d3515aff7ac06b1a1f"},
    {file = "mapbox_earcut-0.12.11-pp37-pypy37_pp73-manylinux_2_12_x86_64.manylinux2010_x86_64.whl", hash = "sha256:18cd01be27ec85357e2f9ea0bbe7ce2f71d593966568e5cf12a9b7e19bf0e8d1"},
    {file = "mapbox_earcut-0.12.11-pp37-pypy37_pp73-win_amd64.whl", hash = "sha256:6542cc54b330c876e62dad15e98dd4df18e2fd75ffb5b9c84d0629bd085ea123"},
    {file = "mapbox_earcut-0.12.11.tar.gz", hash = "sha256:2808757f8a95eb816d3ce225528c9cb15355afe175f3bcb6837eb7700972e0b9"},
]

[[package]]
name = "markdown-it-py"
version = "3.0.0"
requires_python = ">=3.8"
summary = "Python port of markdown-it. Markdown parsing, done right!"
dependencies = [
    "mdurl~=0.1",
]
files = [
    {file = "markdown-it-py-3.0.0.tar.gz", hash = "sha256:e3f60a94fa066dc52ec76661e37c851cb232d92f9886b15cb560aaada2df8feb"},
    {file = "markdown_it_py-3.0.0-py3-none-any.whl", hash = "sha256:355216845c60bd96232cd8d8c40e8f9765cc86f46880e43a8fd22dc1a1a8cab1"},
]

[[package]]
name = "mdurl"
version = "0.1.2"
requires_python = ">=3.7"
summary = "Markdown URL utilities"
files = [
    {file = "mdurl-0.1.2-py3-none-any.whl", hash = "sha256:84008a41e51615a49fc9966191ff91509e3c40b939176e643fd50a5c2196b8f8"},
    {file = "mdurl-0.1.2.tar.gz", hash = "sha256:bb413d29f5eea38f31dd4754dd7377d4465116fb207585f97bf925588687c1ba"},
]

[[package]]
name = "moderngl"
version = "5.8.2"
summary = "ModernGL: High performance rendering for Python 3"
dependencies = [
    "glcontext<3,>=2.3.6",
]
files = [
    {file = "moderngl-5.8.2-cp311-cp311-macosx_10_9_universal2.whl", hash = "sha256:d51c2d31decab2f3a534c04d2dfda631d9a2efc79ddb36d75e4b50747fc134f2"},
    {file = "moderngl-5.8.2-cp311-cp311-macosx_10_9_x86_64.whl", hash = "sha256:affffa368aea60fd5df0edff10d6923f74cd3f9fd7893675fe7c7bfe73517b7b"},
    {file = "moderngl-5.8.2-cp311-cp311-manylinux_2_17_aarch64.manylinux2014_aarch64.whl", hash = "sha256:a7e9220ce5447e050adaaea42abf2b48e3eae4cc4a2fc07a3827239c067c5c68"},
    {file = "moderngl-5.8.2-cp311-cp311-manylinux_2_17_x86_64.manylinux2014_x86_64.whl", hash = "sha256:310db1cc52dbcc211d957f27ca9d14f3e474657eb2d5670f03adf9221c9b1647"},
    {file = "moderngl-5.8.2-cp311-cp311-manylinux_2_5_i686.manylinux1_i686.manylinux_2_17_i686.manylinux2014_i686.whl", hash = "sha256:bcd7de06efafa9e4cef63c942e886586fd25076867d46511aaf5aa478317c2f3"},
    {file = "moderngl-5.8.2-cp311-cp311-win32.whl", hash = "sha256:b5e7d98c5bd5e840c9667cf1817c01809b83beb8f8b83c6e76bf85f10dc99b63"},
    {file = "moderngl-5.8.2-cp311-cp311-win_amd64.whl", hash = "sha256:279486e143eb849fcab126e3ef3a1a0353bbbdb1d27a13c76335cf4ae14b2827"},
    {file = "moderngl-5.8.2-pp37-pypy37_pp73-macosx_10_9_x86_64.whl", hash = "sha256:67918bbc43b2f7aa37d72ba1ed2dd506d993aed8d62d9771caaf541607bd7402"},
    {file = "moderngl-5.8.2-pp37-pypy37_pp73-manylinux_2_17_aarch64.manylinux2014_aarch64.whl", hash = "sha256:841d8e056f188d03ab02268f96368f570c72a91ed01f8fa43e83ecbcaf80bf06"},
    {file = "moderngl-5.8.2-pp37-pypy37_pp73-manylinux_2_17_x86_64.manylinux2014_x86_64.whl", hash = "sha256:1ce40fb73f80c1f09f4a095adda341fdaf1b3043f219fbfe44a9da81577dde7e"},
    {file = "moderngl-5.8.2-pp37-pypy37_pp73-manylinux_2_5_i686.manylinux1_i686.manylinux_2_17_i686.manylinux2014_i686.whl", hash = "sha256:3a850968d417fb62eb26922d2158a6748b90088db948c9499dc05cd616a845d9"},
    {file = "moderngl-5.8.2-pp37-pypy37_pp73-win_amd64.whl", hash = "sha256:e2e6378212c18b82503c82555644a12bb9087215c8ae783b655a1f3ade403285"},
    {file = "moderngl-5.8.2-pp38-pypy38_pp73-macosx_10_9_x86_64.whl", hash = "sha256:96433f592a6a113a2cd236f00a306f43059580ec5109553e0f0044decd61fe0c"},
    {file = "moderngl-5.8.2-pp38-pypy38_pp73-manylinux_2_17_aarch64.manylinux2014_aarch64.whl", hash = "sha256:670682ad734dacb501685c62d958a849a856d01ebb6cafb639d6549e7ca4d39a"},
    {file = "moderngl-5.8.2-pp38-pypy38_pp73-manylinux_2_17_x86_64.manylinux2014_x86_64.whl", hash = "sha256:2e2205402a8d0792efc380e68cb1a11218c09454e6d8d1d95fda0becb2d36a5a"},
    {file = "moderngl-5.8.2-pp38-pypy38_pp73-manylinux_2_5_i686.manylinux1_i686.manylinux_2_17_i686.manylinux2014_i686.whl", hash = "sha256:d7362808ab3ef32b95b534de6be20f09eee23f047954dd01d3d2433faf1f0725"},
    {file = "moderngl-5.8.2-pp38-pypy38_pp73-win_amd64.whl", hash = "sha256:cc3ed59322867afbc9edf4d96deb619e1e13bb7ef8bfc778b10adbd117f8af9b"},
    {file = "moderngl-5.8.2-pp39-pypy39_pp73-macosx_10_9_x86_64.whl", hash = "sha256:d0d9fa90957c382ebbc7011ffc29807ae914e64f2d519d974b87e583d6c07188"},
    {file = "moderngl-5.8.2-pp39-pypy39_pp73-manylinux_2_17_aarch64.manylinux2014_aarch64.whl", hash = "sha256:3366be15c5aaa841239091dfa2c86c6acb09b67fa2a86552f8b4f59c0e9dae55"},
    {file = "moderngl-5.8.2-pp39-pypy39_pp73-manylinux_2_17_x86_64.manylinux2014_x86_64.whl", hash = "sha256:8094f14072e102272f31617b219b601dd15e5117047ba33508014f9a40b7188a"},
    {file = "moderngl-5.8.2-pp39-pypy39_pp73-manylinux_2_5_i686.manylinux1_i686.manylinux_2_17_i686.manylinux2014_i686.whl", hash = "sha256:a5e25f34e3b6916f6394b3a7f10fa443a901662ecfb01c623ed9c7f87a660ed9"},
    {file = "moderngl-5.8.2-pp39-pypy39_pp73-win_amd64.whl", hash = "sha256:2d572b3e8243e63efbb85bb6a90dfffe84a8d57233ff7e03cad44023a414678f"},
    {file = "moderngl-5.8.2.tar.gz", hash = "sha256:b66c18d7f4ab7a94be3f9eb9e4ca6836ead1da502d62e81b7f7a48150e2ed391"},
]

[[package]]
name = "moderngl-window"
version = "2.4.4"
requires_python = ">=3.7"
summary = "A cross platform helper library for ModernGL making window creation and resource loading simple"
dependencies = [
    "Pillow<10,>=9",
    "moderngl<6",
    "numpy<2,>=1.16",
    "pyglet>=2.0dev23",
    "pyrr<1,>=0.10.3",
]
files = [
    {file = "moderngl-window-2.4.4.tar.gz", hash = "sha256:66a9c5412b5eb0a5ca7cda351e4484ce02a167cf87eb4dc59bb82439c58130b5"},
    {file = "moderngl_window-2.4.4-py3-none-any.whl", hash = "sha256:fddbca24afc3c7faaf98af7d1d45aa6b812a9a12e66401cb26284d645c4bb026"},
]

[[package]]
name = "multipledispatch"
version = "1.0.0"
summary = "Multiple dispatch"
files = [
    {file = "multipledispatch-1.0.0-py3-none-any.whl", hash = "sha256:0c53cd8b077546da4e48869f49b13164bebafd0c2a5afceb6bb6a316e7fb46e4"},
    {file = "multipledispatch-1.0.0.tar.gz", hash = "sha256:5c839915465c68206c3e9c473357908216c28383b425361e5d144594bf85a7e0"},
]

[[package]]
name = "networkx"
version = "2.8.8"
requires_python = ">=3.8"
summary = "Python package for creating and manipulating graphs and networks"
files = [
    {file = "networkx-2.8.8-py3-none-any.whl", hash = "sha256:e435dfa75b1d7195c7b8378c3859f0445cd88c6b0375c181ed66823a9ceb7524"},
    {file = "networkx-2.8.8.tar.gz", hash = "sha256:230d388117af870fce5647a3c52401fcf753e94720e6ea6b4197a5355648885e"},
]

[[package]]
name = "numpy"
version = "1.25.2"
requires_python = ">=3.9"
summary = "Fundamental package for array computing in Python"
files = [
    {file = "numpy-1.25.2-cp311-cp311-macosx_10_9_x86_64.whl", hash = "sha256:c5462d19336db4560041517dbb7759c21d181a67cb01b36ca109b2ae37d32418"},
    {file = "numpy-1.25.2-cp311-cp311-macosx_11_0_arm64.whl", hash = "sha256:c5652ea24d33585ea39eb6a6a15dac87a1206a692719ff45d53c5282e66d4a8f"},
    {file = "numpy-1.25.2-cp311-cp311-manylinux_2_17_aarch64.manylinux2014_aarch64.whl", hash = "sha256:0d60fbae8e0019865fc4784745814cff1c421df5afee233db6d88ab4f14655a2"},
    {file = "numpy-1.25.2-cp311-cp311-manylinux_2_17_x86_64.manylinux2014_x86_64.whl", hash = "sha256:60e7f0f7f6d0eee8364b9a6304c2845b9c491ac706048c7e8cf47b83123b8dbf"},
    {file = "numpy-1.25.2-cp311-cp311-musllinux_1_1_x86_64.whl", hash = "sha256:bb33d5a1cf360304754913a350edda36d5b8c5331a8237268c48f91253c3a364"},
    {file = "numpy-1.25.2-cp311-cp311-win32.whl", hash = "sha256:5883c06bb92f2e6c8181df7b39971a5fb436288db58b5a1c3967702d4278691d"},
    {file = "numpy-1.25.2-cp311-cp311-win_amd64.whl", hash = "sha256:5c97325a0ba6f9d041feb9390924614b60b99209a71a69c876f71052521d42a4"},
    {file = "numpy-1.25.2-pp39-pypy39_pp73-macosx_10_9_x86_64.whl", hash = "sha256:1a1329e26f46230bf77b02cc19e900db9b52f398d6722ca853349a782d4cff55"},
    {file = "numpy-1.25.2-pp39-pypy39_pp73-manylinux_2_17_x86_64.manylinux2014_x86_64.whl", hash = "sha256:4c3abc71e8b6edba80a01a52e66d83c5d14433cbcd26a40c329ec7ed09f37901"},
    {file = "numpy-1.25.2-pp39-pypy39_pp73-win_amd64.whl", hash = "sha256:1b9735c27cea5d995496f46a8b1cd7b408b3f34b6d50459d9ac8fe3a20cc17bf"},
    {file = "numpy-1.25.2.tar.gz", hash = "sha256:fd608e19c8d7c55021dffd43bfe5492fab8cc105cc8986f813f8c3c048b38760"},
]

[[package]]
name = "pillow"
version = "9.5.0"
requires_python = ">=3.7"
summary = "Python Imaging Library (Fork)"
files = [
    {file = "Pillow-9.5.0-cp311-cp311-macosx_10_10_x86_64.whl", hash = "sha256:7ec6f6ce99dab90b52da21cf0dc519e21095e332ff3b399a357c187b1a5eee32"},
    {file = "Pillow-9.5.0-cp311-cp311-macosx_11_0_arm64.whl", hash = "sha256:560737e70cb9c6255d6dcba3de6578a9e2ec4b573659943a5e7e4af13f298f5c"},
    {file = "Pillow-9.5.0-cp311-cp311-manylinux_2_17_aarch64.manylinux2014_aarch64.whl", hash = "sha256:96e88745a55b88a7c64fa49bceff363a1a27d9a64e04019c2281049444a571e3"},
    {file = "Pillow-9.5.0-cp311-cp311-manylinux_2_17_i686.manylinux2014_i686.whl", hash = "sha256:d9c206c29b46cfd343ea7cdfe1232443072bbb270d6a46f59c259460db76779a"},
    {file = "Pillow-9.5.0-cp311-cp311-manylinux_2_17_x86_64.manylinux2014_x86_64.whl", hash = "sha256:cfcc2c53c06f2ccb8976fb5c71d448bdd0a07d26d8e07e321c103416444c7ad1"},
    {file = "Pillow-9.5.0-cp311-cp311-manylinux_2_28_aarch64.whl", hash = "sha256:a0f9bb6c80e6efcde93ffc51256d5cfb2155ff8f78292f074f60f9e70b942d99"},
    {file = "Pillow-9.5.0-cp311-cp311-manylinux_2_28_x86_64.whl", hash = "sha256:8d935f924bbab8f0a9a28404422da8af4904e36d5c33fc6f677e4c4485515625"},
    {file = "Pillow-9.5.0-cp311-cp311-musllinux_1_1_aarch64.whl", hash = "sha256:fed1e1cf6a42577953abbe8e6cf2fe2f566daebde7c34724ec8803c4c0cda579"},
    {file = "Pillow-9.5.0-cp311-cp311-musllinux_1_1_x86_64.whl", hash = "sha256:c1170d6b195555644f0616fd6ed929dfcf6333b8675fcca044ae5ab110ded296"},
    {file = "Pillow-9.5.0-cp311-cp311-win32.whl", hash = "sha256:54f7102ad31a3de5666827526e248c3530b3a33539dbda27c6843d19d72644ec"},
    {file = "Pillow-9.5.0-cp311-cp311-win_amd64.whl", hash = "sha256:cfa4561277f677ecf651e2b22dc43e8f5368b74a25a8f7d1d4a3a243e573f2d4"},
    {file = "Pillow-9.5.0-cp311-cp311-win_arm64.whl", hash = "sha256:965e4a05ef364e7b973dd17fc765f42233415974d773e82144c9bbaaaea5d089"},
    {file = "Pillow-9.5.0-cp312-cp312-win32.whl", hash = "sha256:22baf0c3cf0c7f26e82d6e1adf118027afb325e703922c8dfc1d5d0156bb2eeb"},
    {file = "Pillow-9.5.0-cp312-cp312-win_amd64.whl", hash = "sha256:432b975c009cf649420615388561c0ce7cc31ce9b2e374db659ee4f7d57a1f8b"},
    {file = "Pillow-9.5.0-pp38-pypy38_pp73-macosx_10_10_x86_64.whl", hash = "sha256:833b86a98e0ede388fa29363159c9b1a294b0905b5128baf01db683672f230f5"},
    {file = "Pillow-9.5.0-pp38-pypy38_pp73-manylinux_2_17_i686.manylinux2014_i686.whl", hash = "sha256:aaf305d6d40bd9632198c766fb64f0c1a83ca5b667f16c1e79e1661ab5060140"},
    {file = "Pillow-9.5.0-pp38-pypy38_pp73-manylinux_2_17_x86_64.manylinux2014_x86_64.whl", hash = "sha256:0852ddb76d85f127c135b6dd1f0bb88dbb9ee990d2cd9aa9e28526c93e794fba"},
    {file = "Pillow-9.5.0-pp38-pypy38_pp73-manylinux_2_28_x86_64.whl", hash = "sha256:91ec6fe47b5eb5a9968c79ad9ed78c342b1f97a091677ba0e012701add857829"},
    {file = "Pillow-9.5.0-pp38-pypy38_pp73-win_amd64.whl", hash = "sha256:cb841572862f629b99725ebaec3287fc6d275be9b14443ea746c1dd325053cbd"},
    {file = "Pillow-9.5.0-pp39-pypy39_pp73-macosx_10_10_x86_64.whl", hash = "sha256:c380b27d041209b849ed246b111b7c166ba36d7933ec6e41175fd15ab9eb1572"},
    {file = "Pillow-9.5.0-pp39-pypy39_pp73-manylinux_2_17_i686.manylinux2014_i686.whl", hash = "sha256:7c9af5a3b406a50e313467e3565fc99929717f780164fe6fbb7704edba0cebbe"},
    {file = "Pillow-9.5.0-pp39-pypy39_pp73-manylinux_2_17_x86_64.manylinux2014_x86_64.whl", hash = "sha256:5671583eab84af046a397d6d0ba25343c00cd50bce03787948e0fff01d4fd9b1"},
    {file = "Pillow-9.5.0-pp39-pypy39_pp73-manylinux_2_28_x86_64.whl", hash = "sha256:84a6f19ce086c1bf894644b43cd129702f781ba5751ca8572f08aa40ef0ab7b7"},
    {file = "Pillow-9.5.0-pp39-pypy39_pp73-win_amd64.whl", hash = "sha256:1e7723bd90ef94eda669a3c2c19d549874dd5badaeefabefd26053304abe5799"},
    {file = "Pillow-9.5.0.tar.gz", hash = "sha256:bf548479d336726d7a0eceb6e767e179fbde37833ae42794602631a070d630f1"},
]

[[package]]
name = "pycairo"
version = "1.25.0"
requires_python = ">=3.8"
summary = "Python interface for cairo"
files = [
    {file = "pycairo-1.25.0-cp311-cp311-win32.whl", hash = "sha256:2e4da8be0a696c2e8a1709f5a2bd849e802147769439ea4268f926695f4b5a55"},
    {file = "pycairo-1.25.0-cp311-cp311-win_amd64.whl", hash = "sha256:c40ce034a07266460bc3318a179aa43b2824d36754906831a90c99fb4f246370"},
    {file = "pycairo-1.25.0-cp311-cp311-win_arm64.whl", hash = "sha256:6654201d10c5f13975caec648796b1e0e2b0f8af1e4302a086dc3183bb8346ee"},
    {file = "pycairo-1.25.0-cp312-cp312-win32.whl", hash = "sha256:caa76409cae523f7c5254ee75935d8d520efa96eaf22c64f26c8e24ca74f8281"},
    {file = "pycairo-1.25.0-cp312-cp312-win_amd64.whl", hash = "sha256:ec0e05fe7a0d2fc1ef0d6babc19b8b2d731af3ab1638fcdcaad2d42204a487f2"},
    {file = "pycairo-1.25.0-cp312-cp312-win_arm64.whl", hash = "sha256:8690cc2cba6bd223cc9703a9a7b392fe1bec78003662c6dbc9869d81ee343bdf"},
    {file = "pycairo-1.25.0.tar.gz", hash = "sha256:37842b9bfa6339c45a5025f752e1d78d5840b1a0f82303bdd5610846ad8b5c4f"},
]

[[package]]
name = "pydub"
version = "0.25.1"
summary = "Manipulate audio with an simple and easy high level interface"
files = [
    {file = "pydub-0.25.1-py2.py3-none-any.whl", hash = "sha256:65617e33033874b59d87db603aa1ed450633288aefead953b30bded59cb599a6"},
    {file = "pydub-0.25.1.tar.gz", hash = "sha256:980a33ce9949cab2a569606b65674d748ecbca4f0796887fd6f46173a7b0d30f"},
]

[[package]]
name = "pyglet"
version = "2.0.9"
summary = "Cross-platform windowing and multimedia library"
files = [
    {file = "pyglet-2.0.9-py3-none-any.whl", hash = "sha256:8520b22dde75f47167e1fedeed58ac0bb0c890c0dca17d8528427d6b318cd9cc"},
    {file = "pyglet-2.0.9.zip", hash = "sha256:a0922e42f2d258505678e2f4a355c5476c1a6352c3f3a37754042ddb7e7cf72f"},
]

[[package]]
name = "pygments"
version = "2.16.1"
requires_python = ">=3.7"
summary = "Pygments is a syntax highlighting package written in Python."
files = [
    {file = "Pygments-2.16.1-py3-none-any.whl", hash = "sha256:13fc09fa63bc8d8671a6d247e1eb303c4b343eaee81d861f3404db2935653692"},
    {file = "Pygments-2.16.1.tar.gz", hash = "sha256:1daff0494820c69bc8941e407aa20f577374ee88364ee10a98fdbe0aece96e29"},
]

[[package]]
name = "pyobjc-core"
version = "10.0"
requires_python = ">=3.8"
summary = "Python<->ObjC Interoperability Module"
files = [
    {file = "pyobjc-core-10.0.tar.gz", hash = "sha256:3dd0a7b3acd7e0b8ffd3f5331b29a3aaebe79a03323e61efeece38627a6020b3"},
    {file = "pyobjc_core-10.0-cp311-cp311-macosx_10_9_universal2.whl", hash = "sha256:99b72cda4593e0c66037b25a178f2bcc6efffb6d5d9dcd477ecca859a1f9ae8e"},
    {file = "pyobjc_core-10.0-cp312-cp312-macosx_10_9_universal2.whl", hash = "sha256:2843ca32e86a01ccee67d7ad82a325ddd72d754929d1f2c0d96bc8741dc9af09"},
]

[[package]]
name = "pyobjc-framework-cocoa"
version = "10.0"
requires_python = ">=3.8"
summary = "Wrappers for the Cocoa frameworks on macOS"
dependencies = [
    "pyobjc-core>=10.0",
]
files = [
    {file = "pyobjc-framework-Cocoa-10.0.tar.gz", hash = "sha256:723421eff4f59e4ca9a9bb8ec6dafbc0f778141236fa85a49fdd86732d58a74c"},
    {file = "pyobjc_framework_Cocoa-10.0-cp311-cp311-macosx_10_9_universal2.whl", hash = "sha256:0187cba228976a45f41116c74aab079b64bacb3ffc3c886a4bd8e472bf9be581"},
    {file = "pyobjc_framework_Cocoa-10.0-cp312-cp312-macosx_10_9_universal2.whl", hash = "sha256:a81dabdc40268591e3196087388e680c6570fed1b521df9b04733cb3ece0414e"},
]

[[package]]
name = "pyrr"
version = "0.10.3"
summary = "3D mathematical functions using NumPy"
dependencies = [
    "multipledispatch",
    "numpy",
]
files = [
    {file = "pyrr-0.10.3-py3-none-any.whl", hash = "sha256:d8af23fb9bb29262405845e1c98f7339fbba5e49323b98528bd01160a75c65ac"},
    {file = "pyrr-0.10.3.tar.gz", hash = "sha256:3c0f7b20326e71f706a610d58f2190fff73af01eef60c19cb188b186f0ec7e1d"},
]

[[package]]
name = "requests"
version = "2.31.0"
requires_python = ">=3.7"
summary = "Python HTTP for Humans."
dependencies = [
    "certifi>=2017.4.17",
    "charset-normalizer<4,>=2",
    "idna<4,>=2.5",
    "urllib3<3,>=1.21.1",
]
files = [
    {file = "requests-2.31.0-py3-none-any.whl", hash = "sha256:58cd2187c01e70e6e26505bca751777aa9f2ee0b7f4300988b709f44e013003f"},
    {file = "requests-2.31.0.tar.gz", hash = "sha256:942c5a758f98d790eaed1a29cb6eefc7ffb0d1cf7af05c3d2791656dbd6ad1e1"},
]

[[package]]
name = "rich"
version = "13.6.0"
requires_python = ">=3.7.0"
summary = "Render rich text, tables, progress bars, syntax highlighting, markdown and more to the terminal"
dependencies = [
    "markdown-it-py>=2.2.0",
    "pygments<3.0.0,>=2.13.0",
]
files = [
    {file = "rich-13.6.0-py3-none-any.whl", hash = "sha256:2b38e2fe9ca72c9a00170a1a2d20c63c790d0e10ef1fe35eba76e1e7b1d7d245"},
    {file = "rich-13.6.0.tar.gz", hash = "sha256:5c14d22737e6d5084ef4771b62d5d4363165b403455a30a1c8ca39dc7b644bef"},
]

[[package]]
name = "scipy"
version = "1.9.3"
requires_python = ">=3.8"
summary = "Fundamental algorithms for scientific computing in Python"
dependencies = [
    "numpy<1.26.0,>=1.18.5",
]
files = [
    {file = "scipy-1.9.3-cp311-cp311-macosx_10_9_x86_64.whl", hash = "sha256:b41bc822679ad1c9a5f023bc93f6d0543129ca0f37c1ce294dd9d386f0a21096"},
    {file = "scipy-1.9.3-cp311-cp311-macosx_12_0_arm64.whl", hash = "sha256:90453d2b93ea82a9f434e4e1cba043e779ff67b92f7a0e85d05d286a3625df3c"},
    {file = "scipy-1.9.3-cp311-cp311-manylinux_2_17_aarch64.manylinux2014_aarch64.whl", hash = "sha256:83c06e62a390a9167da60bedd4575a14c1f58ca9dfde59830fc42e5197283dab"},
    {file = "scipy-1.9.3-cp311-cp311-manylinux_2_17_x86_64.manylinux2014_x86_64.whl", hash = "sha256:abaf921531b5aeaafced90157db505e10345e45038c39e5d9b6c7922d68085cb"},
    {file = "scipy-1.9.3-cp311-cp311-win_amd64.whl", hash = "sha256:06d2e1b4c491dc7d8eacea139a1b0b295f74e1a1a0f704c375028f8320d16e31"},
    {file = "scipy-1.9.3.tar.gz", hash = "sha256:fbc5c05c85c1a02be77b1ff591087c83bc44579c6d2bd9fb798bb64ea5e1a027"},
]

[[package]]
name = "screeninfo"
version = "0.6.7"
summary = "Fetch location and size of physical screens."
dependencies = [
    "Cython; sys_platform == \"darwin\"",
    "pyobjc-framework-Cocoa; sys_platform == \"darwin\"",
]
files = [
    {file = "screeninfo-0.6.7.tar.gz", hash = "sha256:1c4bac1ca329da3f68cbc4d2fbc92256aa9bb8ff8583ee3e14f91f0a7baa69cb"},
]

[[package]]
name = "setuptools"
version = "68.2.2"
requires_python = ">=3.8"
summary = "Easily download, build, install, upgrade, and uninstall Python packages"
files = [
    {file = "setuptools-68.2.2-py3-none-any.whl", hash = "sha256:b454a35605876da60632df1a60f736524eb73cc47bbc9f3f1ef1b644de74fd2a"},
    {file = "setuptools-68.2.2.tar.gz", hash = "sha256:4ac1475276d2f1c48684874089fefcd83bd7162ddaafb81fac866ba0db282a87"},
]

[[package]]
name = "skia-pathops"
version = "0.7.4"
requires_python = ">=3.7"
summary = "Python access to operations on paths using the Skia library"
files = [
    {file = "skia-pathops-0.7.4.zip", hash = "sha256:0a2fdee87b7adb018cbfa6e95ef9e4299ed63b0080be27677a30ffefbca91350"},
    {file = "skia_pathops-0.7.4-cp311-cp311-macosx_10_9_universal2.whl", hash = "sha256:6b3e4c5aa986ece9f9c89f55c4c2c43b60859697602993055ac3ef75784bf996"},
    {file = "skia_pathops-0.7.4-cp311-cp311-macosx_10_9_x86_64.whl", hash = "sha256:c1e55be8e0de805751515fb5d707c5fe3daab73c218b30134e8c05ba104746ef"},
    {file = "skia_pathops-0.7.4-cp311-cp311-manylinux_2_17_aarch64.manylinux2014_aarch64.whl", hash = "sha256:7c823bf270c0869ee712647a0cf03b6aeb39669211dcc44a5a3c039075fc04f3"},
    {file = "skia_pathops-0.7.4-cp311-cp311-manylinux_2_17_x86_64.manylinux2014_x86_64.whl", hash = "sha256:003119e9a5f24395f134c8223c5fbc9baddecd1002ee0814287cd78a52477655"},
    {file = "skia_pathops-0.7.4-cp311-cp311-musllinux_1_1_aarch64.whl", hash = "sha256:ab0fbbd008d586cfbc98fc2b5ce45f70dab6090a787f65292d40acd43644f6d0"},
    {file = "skia_pathops-0.7.4-cp311-cp311-musllinux_1_1_x86_64.whl", hash = "sha256:5aa500bd39e28cdd043f8c9edcbc793a86f557c26dc3698f0981080bfec0dd67"},
    {file = "skia_pathops-0.7.4-cp311-cp311-win32.whl", hash = "sha256:5c18a6e749389885cd6a18bd06a29bd945ad8b962f81ce3761bf0b85127ffa1a"},
    {file = "skia_pathops-0.7.4-cp311-cp311-win_amd64.whl", hash = "sha256:82fbef52409db9ccad07c0504ba692f9bc0e58095f4aeb7cd35ce1d06205781a"},
    {file = "skia_pathops-0.7.4-pp37-pypy37_pp73-manylinux_2_17_x86_64.manylinux2014_x86_64.whl", hash = "sha256:36f8eaa534d6e38e788fec9157efb11093d5de2c1cfec0d350c3e1af097a043d"},
    {file = "skia_pathops-0.7.4-pp38-pypy38_pp73-manylinux_2_17_x86_64.manylinux2014_x86_64.whl", hash = "sha256:f63cfc73dc1f20e5ef5bdd766022c70491e2ab73c8d6b3cc1f8ca2c28c9114d7"},
    {file = "skia_pathops-0.7.4-pp39-pypy39_pp73-manylinux_2_17_x86_64.manylinux2014_x86_64.whl", hash = "sha256:8d47d48192241688609f2194273d89266bcd18c45426af417991634fc811bf37"},
]

[[package]]
name = "srt"
version = "3.5.3"
requires_python = ">=2.7"
summary = "A tiny library for parsing, modifying, and composing SRT files."
files = [
    {file = "srt-3.5.3.tar.gz", hash = "sha256:4884315043a4f0740fd1f878ed6caa376ac06d70e135f306a6dc44632eed0cc0"},
]

[[package]]
name = "tqdm"
version = "4.66.1"
requires_python = ">=3.7"
summary = "Fast, Extensible Progress Meter"
dependencies = [
    "colorama; platform_system == \"Windows\"",
]
files = [
    {file = "tqdm-4.66.1-py3-none-any.whl", hash = "sha256:d302b3c5b53d47bce91fea46679d9c3c6508cf6332229aa1e7d8653723793386"},
    {file = "tqdm-4.66.1.tar.gz", hash = "sha256:d88e651f9db8d8551a62556d3cff9e3034274ca5d66e93197cf2490e2dcb69c7"},
]

[[package]]
name = "urllib3"
version = "2.0.6"
requires_python = ">=3.7"
summary = "HTTP library with thread-safe connection pooling, file post, and more."
files = [
    {file = "urllib3-2.0.6-py3-none-any.whl", hash = "sha256:7a7c7003b000adf9e7ca2a377c9688bbc54ed41b985789ed576570342a375cd2"},
    {file = "urllib3-2.0.6.tar.gz", hash = "sha256:b19e1a85d206b56d7df1d5e683df4a7725252a964e3993648dd0fb5a1c157564"},
]

[[package]]
name = "watchdog"
version = "3.0.0"
requires_python = ">=3.7"
summary = "Filesystem events monitoring"
files = [
    {file = "watchdog-3.0.0-cp311-cp311-macosx_10_9_universal2.whl", hash = "sha256:2b57a1e730af3156d13b7fdddfc23dea6487fceca29fc75c5a868beed29177ae"},
    {file = "watchdog-3.0.0-cp311-cp311-macosx_10_9_x86_64.whl", hash = "sha256:7ade88d0d778b1b222adebcc0927428f883db07017618a5e684fd03b83342bd9"},
    {file = "watchdog-3.0.0-cp311-cp311-macosx_11_0_arm64.whl", hash = "sha256:7e447d172af52ad204d19982739aa2346245cc5ba6f579d16dac4bfec226d2e7"},
    {file = "watchdog-3.0.0-pp37-pypy37_pp73-macosx_10_9_x86_64.whl", hash = "sha256:13bbbb462ee42ec3c5723e1205be8ced776f05b100e4737518c67c8325cf6100"},
    {file = "watchdog-3.0.0-pp38-pypy38_pp73-macosx_10_9_x86_64.whl", hash = "sha256:8f3ceecd20d71067c7fd4c9e832d4e22584318983cabc013dbf3f70ea95de346"},
    {file = "watchdog-3.0.0-pp39-pypy39_pp73-macosx_10_9_x86_64.whl", hash = "sha256:c9d8c8ec7efb887333cf71e328e39cffbf771d8f8f95d308ea4125bf5f90ba64"},
    {file = "watchdog-3.0.0-py3-none-manylinux2014_aarch64.whl", hash = "sha256:0e06ab8858a76e1219e68c7573dfeba9dd1c0219476c5a44d5333b01d7e1743a"},
    {file = "watchdog-3.0.0-py3-none-manylinux2014_armv7l.whl", hash = "sha256:d00e6be486affb5781468457b21a6cbe848c33ef43f9ea4a73b4882e5f188a44"},
    {file = "watchdog-3.0.0-py3-none-manylinux2014_i686.whl", hash = "sha256:c07253088265c363d1ddf4b3cdb808d59a0468ecd017770ed716991620b8f77a"},
    {file = "watchdog-3.0.0-py3-none-manylinux2014_ppc64.whl", hash = "sha256:5113334cf8cf0ac8cd45e1f8309a603291b614191c9add34d33075727a967709"},
    {file = "watchdog-3.0.0-py3-none-manylinux2014_ppc64le.whl", hash = "sha256:51f90f73b4697bac9c9a78394c3acbbd331ccd3655c11be1a15ae6fe289a8c83"},
    {file = "watchdog-3.0.0-py3-none-manylinux2014_s390x.whl", hash = "sha256:ba07e92756c97e3aca0912b5cbc4e5ad802f4557212788e72a72a47ff376950d"},
    {file = "watchdog-3.0.0-py3-none-manylinux2014_x86_64.whl", hash = "sha256:d429c2430c93b7903914e4db9a966c7f2b068dd2ebdd2fa9b9ce094c7d459f33"},
    {file = "watchdog-3.0.0-py3-none-win32.whl", hash = "sha256:3ed7c71a9dccfe838c2f0b6314ed0d9b22e77d268c67e015450a29036a81f60f"},
    {file = "watchdog-3.0.0-py3-none-win_amd64.whl", hash = "sha256:4c9956d27be0bb08fc5f30d9d0179a855436e655f046d288e2bcc11adfae893c"},
    {file = "watchdog-3.0.0-py3-none-win_ia64.whl", hash = "sha256:5d9f3a10e02d7371cd929b5d8f11e87d4bad890212ed3901f9b4d68767bee759"},
    {file = "watchdog-3.0.0.tar.gz", hash = "sha256:4d98a320595da7a7c5a18fc48cb633c2e73cda78f93cac2ef42d42bf609a33f9"},
]
